
Microsoft Visual Studio Solution File, Format Version 12.00
# Visual Studio Version 17
VisualStudioVersion = 17.2.32630.192
MinimumVisualStudioVersion = 10.0.40219.1
Project("{FAE04EC0-301F-11D3-BF4B-00C04F79EFBC}") = "Project12_OOP_Work_01", "Project12_OOP_Work_01.csproj", "{B8D86085-5B4C-4ADD-BAE9-D3B115E01DB0}"
EndProject
Global
	GlobalSection(SolutionConfigurationPlatforms) = preSolution
		Debug|Any CPU = Debug|Any CPU
		Release|Any CPU = Release|Any CPU
	EndGlobalSection
	GlobalSection(ProjectConfigurationPlatforms) = postSolution
		{B8D86085-5B4C-4ADD-BAE9-D3B115E01DB0}.Debug|Any CPU.ActiveCfg = Debug|Any CPU
		{B8D86085-5B4C-4ADD-BAE9-D3B115E01DB0}.Debug|Any CPU.Build.0 = Debug|Any CPU
		{B8D86085-5B4C-4ADD-BAE9-D3B115E01DB0}.Release|Any CPU.ActiveCfg = Release|Any CPU
		{B8D86085-5B4C-4ADD-BAE9-D3B115E01DB0}.Release|Any CPU.Build.0 = Release|Any CPU
	EndGlobalSection
	GlobalSection(SolutionProperties) = preSolution
		HideSolutionNode = FALSE
	EndGlobalSection
	GlobalSection(ExtensibilityGlobals) = postSolution
		SolutionGuid = {C481677B-BC5D-4B9F-B547-F8E131FAD54A}
	EndGlobalSection
EndGlobal
