
Microsoft Visual Studio Solution File, Format Version 12.00
# Visual Studio Version 17
VisualStudioVersion = 17.2.32630.192
MinimumVisualStudioVersion = 10.0.40219.1
Project("{FAE04EC0-301F-11D3-BF4B-00C04F79EFBC}") = "Project08_HataKontrolu", "Project08_HataKontrolu.csproj", "{852F6EFF-4F79-4A48-9470-9A19B74746EA}"
EndProject
Global
	GlobalSection(SolutionConfigurationPlatforms) = preSolution
		Debug|Any CPU = Debug|Any CPU
		Release|Any CPU = Release|Any CPU
	EndGlobalSection
	GlobalSection(ProjectConfigurationPlatforms) = postSolution
		{852F6EFF-4F79-4A48-9470-9A19B74746EA}.Debug|Any CPU.ActiveCfg = Debug|Any CPU
		{852F6EFF-4F79-4A48-9470-9A19B74746EA}.Debug|Any CPU.Build.0 = Debug|Any CPU
		{852F6EFF-4F79-4A48-9470-9A19B74746EA}.Release|Any CPU.ActiveCfg = Release|Any CPU
		{852F6EFF-4F79-4A48-9470-9A19B74746EA}.Release|Any CPU.Build.0 = Release|Any CPU
	EndGlobalSection
	GlobalSection(SolutionProperties) = preSolution
		HideSolutionNode = FALSE
	EndGlobalSection
	GlobalSection(ExtensibilityGlobals) = postSolution
		SolutionGuid = {8A67E579-B5F6-4F2E-9F73-D6D17A9B9355}
	EndGlobalSection
EndGlobal
