
Microsoft Visual Studio Solution File, Format Version 12.00
# Visual Studio Version 17
VisualStudioVersion = 17.2.32630.192
MinimumVisualStudioVersion = 10.0.40219.1
Project("{FAE04EC0-301F-11D3-BF4B-00C04F79EFBC}") = "Project04_TipDonusturme", "Project04_TipDonusturme.csproj", "{AD8C7E89-C9FE-42A9-BF82-22DA2F0CF6D7}"
EndProject
Global
	GlobalSection(SolutionConfigurationPlatforms) = preSolution
		Debug|Any CPU = Debug|Any CPU
		Release|Any CPU = Release|Any CPU
	EndGlobalSection
	GlobalSection(ProjectConfigurationPlatforms) = postSolution
		{AD8C7E89-C9FE-42A9-BF82-22DA2F0CF6D7}.Debug|Any CPU.ActiveCfg = Debug|Any CPU
		{AD8C7E89-C9FE-42A9-BF82-22DA2F0CF6D7}.Debug|Any CPU.Build.0 = Debug|Any CPU
		{AD8C7E89-C9FE-42A9-BF82-22DA2F0CF6D7}.Release|Any CPU.ActiveCfg = Release|Any CPU
		{AD8C7E89-C9FE-42A9-BF82-22DA2F0CF6D7}.Release|Any CPU.Build.0 = Release|Any CPU
	EndGlobalSection
	GlobalSection(SolutionProperties) = preSolution
		HideSolutionNode = FALSE
	EndGlobalSection
	GlobalSection(ExtensibilityGlobals) = postSolution
		SolutionGuid = {D4B38C84-48A9-443D-8AE2-95BAC1917C8B}
	EndGlobalSection
EndGlobal
