
Microsoft Visual Studio Solution File, Format Version 12.00
# Visual Studio Version 17
VisualStudioVersion = 17.4.33110.190
MinimumVisualStudioVersion = 10.0.40219.1
Project("{FAE04EC0-301F-11D3-BF4B-00C04F79EFBC}") = "Solid01_SingleResponsibility", "Solid01_SingleResponsibility.csproj", "{4827AF40-7080-4428-9E41-1C57A0241B57}"
EndProject
Global
	GlobalSection(SolutionConfigurationPlatforms) = preSolution
		Debug|Any CPU = Debug|Any CPU
		Release|Any CPU = Release|Any CPU
	EndGlobalSection
	GlobalSection(ProjectConfigurationPlatforms) = postSolution
		{4827AF40-7080-4428-9E41-1C57A0241B57}.Debug|Any CPU.ActiveCfg = Debug|Any CPU
		{4827AF40-7080-4428-9E41-1C57A0241B57}.Debug|Any CPU.Build.0 = Debug|Any CPU
		{4827AF40-7080-4428-9E41-1C57A0241B57}.Release|Any CPU.ActiveCfg = Release|Any CPU
		{4827AF40-7080-4428-9E41-1C57A0241B57}.Release|Any CPU.Build.0 = Release|Any CPU
	EndGlobalSection
	GlobalSection(SolutionProperties) = preSolution
		HideSolutionNode = FALSE
	EndGlobalSection
	GlobalSection(ExtensibilityGlobals) = postSolution
		SolutionGuid = {FF964B63-6718-43B7-9293-3FE775DE7B3D}
	EndGlobalSection
EndGlobal
