
Microsoft Visual Studio Solution File, Format Version 12.00
# Visual Studio Version 17
VisualStudioVersion = 17.4.33110.190
MinimumVisualStudioVersion = 10.0.40219.1
Project("{FAE04EC0-301F-11D3-BF4B-00C04F79EFBC}") = "BlogApp.Entities", "BlogApp.Entities\BlogApp.Entities.csproj", "{FB633D93-564F-4394-8EDC-B0D0D8D998E6}"
EndProject
Project("{FAE04EC0-301F-11D3-BF4B-00C04F79EFBC}") = "BlogApp.Data", "BlogApp.Data\BlogApp.Data.csproj", "{D25620B4-DD27-422F-9358-BCB15A594394}"
EndProject
Project("{FAE04EC0-301F-11D3-BF4B-00C04F79EFBC}") = "BlogApp.Service", "BlogApp.Service\BlogApp.Service.csproj", "{DD70F4E6-A632-4CB4-81B1-36C87C0674B6}"
EndProject
Project("{FAE04EC0-301F-11D3-BF4B-00C04F79EFBC}") = "BlogApp.Shared", "BlogApp.Shared\BlogApp.Shared.csproj", "{1418A3C5-29C1-4C4B-AA29-B9E78CA35C1F}"
EndProject
Project("{FAE04EC0-301F-11D3-BF4B-00C04F79EFBC}") = "BlogApp.Mvc", "BlogApp.Mvc\BlogApp.Mvc.csproj", "{94ADA4BF-30DD-4BD3-838D-14518F6E1862}"
EndProject
Global
	GlobalSection(SolutionConfigurationPlatforms) = preSolution
		Debug|Any CPU = Debug|Any CPU
		Release|Any CPU = Release|Any CPU
	EndGlobalSection
	GlobalSection(ProjectConfigurationPlatforms) = postSolution
		{FB633D93-564F-4394-8EDC-B0D0D8D998E6}.Debug|Any CPU.ActiveCfg = Debug|Any CPU
		{FB633D93-564F-4394-8EDC-B0D0D8D998E6}.Debug|Any CPU.Build.0 = Debug|Any CPU
		{FB633D93-564F-4394-8EDC-B0D0D8D998E6}.Release|Any CPU.ActiveCfg = Release|Any CPU
		{FB633D93-564F-4394-8EDC-B0D0D8D998E6}.Release|Any CPU.Build.0 = Release|Any CPU
		{D25620B4-DD27-422F-9358-BCB15A594394}.Debug|Any CPU.ActiveCfg = Debug|Any CPU
		{D25620B4-DD27-422F-9358-BCB15A594394}.Debug|Any CPU.Build.0 = Debug|Any CPU
		{D25620B4-DD27-422F-9358-BCB15A594394}.Release|Any CPU.ActiveCfg = Release|Any CPU
		{D25620B4-DD27-422F-9358-BCB15A594394}.Release|Any CPU.Build.0 = Release|Any CPU
		{DD70F4E6-A632-4CB4-81B1-36C87C0674B6}.Debug|Any CPU.ActiveCfg = Debug|Any CPU
		{DD70F4E6-A632-4CB4-81B1-36C87C0674B6}.Debug|Any CPU.Build.0 = Debug|Any CPU
		{DD70F4E6-A632-4CB4-81B1-36C87C0674B6}.Release|Any CPU.ActiveCfg = Release|Any CPU
		{DD70F4E6-A632-4CB4-81B1-36C87C0674B6}.Release|Any CPU.Build.0 = Release|Any CPU
		{1418A3C5-29C1-4C4B-AA29-B9E78CA35C1F}.Debug|Any CPU.ActiveCfg = Debug|Any CPU
		{1418A3C5-29C1-4C4B-AA29-B9E78CA35C1F}.Debug|Any CPU.Build.0 = Debug|Any CPU
		{1418A3C5-29C1-4C4B-AA29-B9E78CA35C1F}.Release|Any CPU.ActiveCfg = Release|Any CPU
		{1418A3C5-29C1-4C4B-AA29-B9E78CA35C1F}.Release|Any CPU.Build.0 = Release|Any CPU
		{94ADA4BF-30DD-4BD3-838D-14518F6E1862}.Debug|Any CPU.ActiveCfg = Debug|Any CPU
		{94ADA4BF-30DD-4BD3-838D-14518F6E1862}.Debug|Any CPU.Build.0 = Debug|Any CPU
		{94ADA4BF-30DD-4BD3-838D-14518F6E1862}.Release|Any CPU.ActiveCfg = Release|Any CPU
		{94ADA4BF-30DD-4BD3-838D-14518F6E1862}.Release|Any CPU.Build.0 = Release|Any CPU
	EndGlobalSection
	GlobalSection(SolutionProperties) = preSolution
		HideSolutionNode = FALSE
	EndGlobalSection
	GlobalSection(ExtensibilityGlobals) = postSolution
		SolutionGuid = {8C2B0565-A847-4B4B-A270-8C45D58B74EE}
	EndGlobalSection
EndGlobal
