
Microsoft Visual Studio Solution File, Format Version 12.00
# Visual Studio Version 17
VisualStudioVersion = 17.2.32630.192
MinimumVisualStudioVersion = 10.0.40219.1
Project("{FAE04EC0-301F-11D3-BF4B-00C04F79EFBC}") = "Project01_Class_Field_Property_Uygulama", "Project01_Class_Field_Property_Uygulama.csproj", "{E9CD9B2D-2A83-4381-BEC3-375B42CE1FFD}"
EndProject
Global
	GlobalSection(SolutionConfigurationPlatforms) = preSolution
		Debug|Any CPU = Debug|Any CPU
		Release|Any CPU = Release|Any CPU
	EndGlobalSection
	GlobalSection(ProjectConfigurationPlatforms) = postSolution
		{E9CD9B2D-2A83-4381-BEC3-375B42CE1FFD}.Debug|Any CPU.ActiveCfg = Debug|Any CPU
		{E9CD9B2D-2A83-4381-BEC3-375B42CE1FFD}.Debug|Any CPU.Build.0 = Debug|Any CPU
		{E9CD9B2D-2A83-4381-BEC3-375B42CE1FFD}.Release|Any CPU.ActiveCfg = Release|Any CPU
		{E9CD9B2D-2A83-4381-BEC3-375B42CE1FFD}.Release|Any CPU.Build.0 = Release|Any CPU
	EndGlobalSection
	GlobalSection(SolutionProperties) = preSolution
		HideSolutionNode = FALSE
	EndGlobalSection
	GlobalSection(ExtensibilityGlobals) = postSolution
		SolutionGuid = {AC87DCA3-5028-4D41-911B-7F13F1D4766C}
	EndGlobalSection
EndGlobal
