
Microsoft Visual Studio Solution File, Format Version 12.00
# Visual Studio Version 17
VisualStudioVersion = 17.2.32630.192
MinimumVisualStudioVersion = 10.0.40219.1
Project("{FAE04EC0-301F-11D3-BF4B-00C04F79EFBC}") = "Project10_Collections_ArrayList", "Project10_Collections_ArrayList.csproj", "{D9E1D945-65F7-454D-A360-30019A1A394F}"
EndProject
Global
	GlobalSection(SolutionConfigurationPlatforms) = preSolution
		Debug|Any CPU = Debug|Any CPU
		Release|Any CPU = Release|Any CPU
	EndGlobalSection
	GlobalSection(ProjectConfigurationPlatforms) = postSolution
		{D9E1D945-65F7-454D-A360-30019A1A394F}.Debug|Any CPU.ActiveCfg = Debug|Any CPU
		{D9E1D945-65F7-454D-A360-30019A1A394F}.Debug|Any CPU.Build.0 = Debug|Any CPU
		{D9E1D945-65F7-454D-A360-30019A1A394F}.Release|Any CPU.ActiveCfg = Release|Any CPU
		{D9E1D945-65F7-454D-A360-30019A1A394F}.Release|Any CPU.Build.0 = Release|Any CPU
	EndGlobalSection
	GlobalSection(SolutionProperties) = preSolution
		HideSolutionNode = FALSE
	EndGlobalSection
	GlobalSection(ExtensibilityGlobals) = postSolution
		SolutionGuid = {A16305DE-6B7B-4525-A549-2F8C5A86C5B8}
	EndGlobalSection
EndGlobal
