
Microsoft Visual Studio Solution File, Format Version 12.00
# Visual Studio Version 17
VisualStudioVersion = 17.2.32630.192
MinimumVisualStudioVersion = 10.0.40219.1
Project("{FAE04EC0-301F-11D3-BF4B-00C04F79EFBC}") = "Project12_OOP_Work_02", "Project12_OOP_Work_02.csproj", "{E20F8CCA-1F36-4E70-8BF0-6793F53835E1}"
EndProject
Global
	GlobalSection(SolutionConfigurationPlatforms) = preSolution
		Debug|Any CPU = Debug|Any CPU
		Release|Any CPU = Release|Any CPU
	EndGlobalSection
	GlobalSection(ProjectConfigurationPlatforms) = postSolution
		{E20F8CCA-1F36-4E70-8BF0-6793F53835E1}.Debug|Any CPU.ActiveCfg = Debug|Any CPU
		{E20F8CCA-1F36-4E70-8BF0-6793F53835E1}.Debug|Any CPU.Build.0 = Debug|Any CPU
		{E20F8CCA-1F36-4E70-8BF0-6793F53835E1}.Release|Any CPU.ActiveCfg = Release|Any CPU
		{E20F8CCA-1F36-4E70-8BF0-6793F53835E1}.Release|Any CPU.Build.0 = Release|Any CPU
	EndGlobalSection
	GlobalSection(SolutionProperties) = preSolution
		HideSolutionNode = FALSE
	EndGlobalSection
	GlobalSection(ExtensibilityGlobals) = postSolution
		SolutionGuid = {7E30336D-4FCB-4AD1-B65E-AB8E1703129D}
	EndGlobalSection
EndGlobal
