
Microsoft Visual Studio Solution File, Format Version 12.00
# Visual Studio Version 17
VisualStudioVersion = 17.4.33110.190
MinimumVisualStudioVersion = 10.0.40219.1
Project("{FAE04EC0-301F-11D3-BF4B-00C04F79EFBC}") = "Solid04_LiskovsSubstitution", "Solid04_LiskovsSubstitution.csproj", "{B66CE38F-79EF-4D7E-B735-8BF69B7970A2}"
EndProject
Global
	GlobalSection(SolutionConfigurationPlatforms) = preSolution
		Debug|Any CPU = Debug|Any CPU
		Release|Any CPU = Release|Any CPU
	EndGlobalSection
	GlobalSection(ProjectConfigurationPlatforms) = postSolution
		{B66CE38F-79EF-4D7E-B735-8BF69B7970A2}.Debug|Any CPU.ActiveCfg = Debug|Any CPU
		{B66CE38F-79EF-4D7E-B735-8BF69B7970A2}.Debug|Any CPU.Build.0 = Debug|Any CPU
		{B66CE38F-79EF-4D7E-B735-8BF69B7970A2}.Release|Any CPU.ActiveCfg = Release|Any CPU
		{B66CE38F-79EF-4D7E-B735-8BF69B7970A2}.Release|Any CPU.Build.0 = Release|Any CPU
	EndGlobalSection
	GlobalSection(SolutionProperties) = preSolution
		HideSolutionNode = FALSE
	EndGlobalSection
	GlobalSection(ExtensibilityGlobals) = postSolution
		SolutionGuid = {D6D9C68D-767C-40D2-97CF-0B69176D82DF}
	EndGlobalSection
EndGlobal
