
Microsoft Visual Studio Solution File, Format Version 12.00
# Visual Studio Version 17
VisualStudioVersion = 17.2.32630.192
MinimumVisualStudioVersion = 10.0.40219.1
Project("{FAE04EC0-301F-11D3-BF4B-00C04F79EFBC}") = "Project06_MatematikselMetotlar", "Project06_MatematikselMetotlar.csproj", "{341D45FA-41CD-4425-8047-AC08D7FADC7B}"
EndProject
Global
	GlobalSection(SolutionConfigurationPlatforms) = preSolution
		Debug|Any CPU = Debug|Any CPU
		Release|Any CPU = Release|Any CPU
	EndGlobalSection
	GlobalSection(ProjectConfigurationPlatforms) = postSolution
		{341D45FA-41CD-4425-8047-AC08D7FADC7B}.Debug|Any CPU.ActiveCfg = Debug|Any CPU
		{341D45FA-41CD-4425-8047-AC08D7FADC7B}.Debug|Any CPU.Build.0 = Debug|Any CPU
		{341D45FA-41CD-4425-8047-AC08D7FADC7B}.Release|Any CPU.ActiveCfg = Release|Any CPU
		{341D45FA-41CD-4425-8047-AC08D7FADC7B}.Release|Any CPU.Build.0 = Release|Any CPU
	EndGlobalSection
	GlobalSection(SolutionProperties) = preSolution
		HideSolutionNode = FALSE
	EndGlobalSection
	GlobalSection(ExtensibilityGlobals) = postSolution
		SolutionGuid = {DF706F89-B3C1-4015-B53A-5CC5D378D8A6}
	EndGlobalSection
EndGlobal
